
Microsoft Visual Studio Solution File, Format Version 12.00
# Visual Studio 15
VisualStudioVersion = 15.0.28307.902
MinimumVisualStudioVersion = 10.0.40219.1
Project("{FAE04EC0-301F-11D3-BF4B-00C04F79EFBC}") = "ConsolaNet", "ConsolaNet\ConsolaNet.csproj", "{11CBD774-C450-4E8D-AD32-3E299C581F76}"
EndProject
Global
	GlobalSection(SolutionConfigurationPlatforms) = preSolution
		Debug|Any CPU = Debug|Any CPU
		Release|Any CPU = Release|Any CPU
	EndGlobalSection
	GlobalSection(ProjectConfigurationPlatforms) = postSolution
		{11CBD774-C450-4E8D-AD32-3E299C581F76}.Debug|Any CPU.ActiveCfg = Debug|Any CPU
		{11CBD774-C450-4E8D-AD32-3E299C581F76}.Debug|Any CPU.Build.0 = Debug|Any CPU
		{11CBD774-C450-4E8D-AD32-3E299C581F76}.Release|Any CPU.ActiveCfg = Release|Any CPU
		{11CBD774-C450-4E8D-AD32-3E299C581F76}.Release|Any CPU.Build.0 = Release|Any CPU
	EndGlobalSection
	GlobalSection(SolutionProperties) = preSolution
		HideSolutionNode = FALSE
	EndGlobalSection
	GlobalSection(ExtensibilityGlobals) = postSolution
		SolutionGuid = {9C9B8F6E-57CF-4B36-ACE3-A62832CDFBF7}
	EndGlobalSection
EndGlobal
